
Microsoft Visual Studio Solution File, Format Version 12.00
# Visual Studio Version 16
VisualStudioVersion = 16.0.31313.79
MinimumVisualStudioVersion = 10.0.40219.1
Project("{9A19103F-16F7-4668-BE54-9A1E7A4F7556}") = "KanyeREST", "KanyeWest\KanyeREST.csproj", "{73529058-B2CC-4E1A-B002-1A749234015A}"
EndProject
Global
	GlobalSection(SolutionConfigurationPlatforms) = preSolution
		Debug|Any CPU = Debug|Any CPU
		Release|Any CPU = Release|Any CPU
	EndGlobalSection
	GlobalSection(ProjectConfigurationPlatforms) = postSolution
		{73529058-B2CC-4E1A-B002-1A749234015A}.Debug|Any CPU.ActiveCfg = Debug|Any CPU
		{73529058-B2CC-4E1A-B002-1A749234015A}.Debug|Any CPU.Build.0 = Debug|Any CPU
		{73529058-B2CC-4E1A-B002-1A749234015A}.Release|Any CPU.ActiveCfg = Release|Any CPU
		{73529058-B2CC-4E1A-B002-1A749234015A}.Release|Any CPU.Build.0 = Release|Any CPU
	EndGlobalSection
	GlobalSection(SolutionProperties) = preSolution
		HideSolutionNode = FALSE
	EndGlobalSection
	GlobalSection(ExtensibilityGlobals) = postSolution
		SolutionGuid = {35AC1804-5183-4DF7-9E03-E456D758826E}
	EndGlobalSection
EndGlobal
